// !$*UTF8*$!
{
	archiveVersion = 1;
	classes = {
	};
	objectVersion = 56;
	objects = {

/* Begin PBXBuildFile section */
		7F0E168328FABA5F000EA881 /* AppDelegate.swift in Sources */ = {isa = PBXBuildFile; fileRef = 7F0E168228FABA5F000EA881 /* AppDelegate.swift */; };
		7F0E168528FABA5F000EA881 /* SceneDelegate.swift in Sources */ = {isa = PBXBuildFile; fileRef = 7F0E168428FABA5F000EA881 /* SceneDelegate.swift */; };
		7F0E168C28FABA60000EA881 /* Assets.xcassets in Resources */ = {isa = PBXBuildFile; fileRef = 7F0E168B28FABA60000EA881 /* Assets.xcassets */; };
		7F0E168F28FABA60000EA881 /* LaunchScreen.storyboard in Resources */ = {isa = PBXBuildFile; fileRef = 7F0E168D28FABA60000EA881 /* LaunchScreen.storyboard */; };
		7F0E169728FB00A5000EA881 /* SearchVC.swift in Sources */ = {isa = PBXBuildFile; fileRef = 7F0E169628FB00A5000EA881 /* SearchVC.swift */; };
		7F0E169928FB00BE000EA881 /* FavoritesListVC.swift in Sources */ = {isa = PBXBuildFile; fileRef = 7F0E169828FB00BE000EA881 /* FavoritesListVC.swift */; };
		7FA1F9202902C92C00BCD32B /* GFEmptyStateView.swift in Sources */ = {isa = PBXBuildFile; fileRef = 7FA1F91F2902C92C00BCD32B /* GFEmptyStateView.swift */; };
		7FA1F9222906A53600BCD32B /* UserInfoVC.swift in Sources */ = {isa = PBXBuildFile; fileRef = 7FA1F9212906A53600BCD32B /* UserInfoVC.swift */; };
		7FDD841928FC5D8100A672D0 /* FollowerListVC.swift in Sources */ = {isa = PBXBuildFile; fileRef = 7FDD841828FC5D8100A672D0 /* FollowerListVC.swift */; };
		7FDD841B28FC646700A672D0 /* String+Ext.swift in Sources */ = {isa = PBXBuildFile; fileRef = 7FDD841A28FC646700A672D0 /* String+Ext.swift */; };
		7FDD841D28FC657100A672D0 /* GFTitleLabel.swift in Sources */ = {isa = PBXBuildFile; fileRef = 7FDD841C28FC657100A672D0 /* GFTitleLabel.swift */; };
		7FDD841F28FC673E00A672D0 /* GFBodyLabel.swift in Sources */ = {isa = PBXBuildFile; fileRef = 7FDD841E28FC673E00A672D0 /* GFBodyLabel.swift */; };
		7FDD842128FC690900A672D0 /* GFAlertVC.swift in Sources */ = {isa = PBXBuildFile; fileRef = 7FDD842028FC690900A672D0 /* GFAlertVC.swift */; };
		7FDD842328FD86DD00A672D0 /* UIViewController+Ext.swift in Sources */ = {isa = PBXBuildFile; fileRef = 7FDD842228FD86DD00A672D0 /* UIViewController+Ext.swift */; };
		7FDD842A28FDB3C700A672D0 /* Follower.swift in Sources */ = {isa = PBXBuildFile; fileRef = 7FDD842928FDB3C700A672D0 /* Follower.swift */; };
		7FDD842C28FDB4A300A672D0 /* User.swift in Sources */ = {isa = PBXBuildFile; fileRef = 7FDD842B28FDB4A300A672D0 /* User.swift */; };
		7FE7A6EE29016E2800CB33C9 /* UIHelper.swift in Sources */ = {isa = PBXBuildFile; fileRef = 7FE7A6ED29016E2800CB33C9 /* UIHelper.swift */; };
		7FEFD95E28FE77B200F8B3A2 /* NetworkManager.swift in Sources */ = {isa = PBXBuildFile; fileRef = 7FEFD95D28FE77B200F8B3A2 /* NetworkManager.swift */; };
		7FEFD96128FED00D00F8B3A2 /* ErrorMessage.swift in Sources */ = {isa = PBXBuildFile; fileRef = 7FEFD96028FED00D00F8B3A2 /* ErrorMessage.swift */; };
		7FEFD9642900517C00F8B3A2 /* FollowerCell.swift in Sources */ = {isa = PBXBuildFile; fileRef = 7FEFD9632900517C00F8B3A2 /* FollowerCell.swift */; };
		7FEFD9662900525700F8B3A2 /* GFAvatarImageView.swift in Sources */ = {isa = PBXBuildFile; fileRef = 7FEFD9652900525700F8B3A2 /* GFAvatarImageView.swift */; };
		7FF35AA828FB2079002AD677 /* GFButton.swift in Sources */ = {isa = PBXBuildFile; fileRef = 7FF35AA728FB2079002AD677 /* GFButton.swift */; };
		7FF35AAA28FB34C3002AD677 /* GFTextField.swift in Sources */ = {isa = PBXBuildFile; fileRef = 7FF35AA928FB34C3002AD677 /* GFTextField.swift */; };
/* End PBXBuildFile section */

/* Begin PBXFileReference section */
		7F0E167F28FABA5F000EA881 /* GitHubFollowers.app */ = {isa = PBXFileReference; explicitFileType = wrapper.application; includeInIndex = 0; path = GitHubFollowers.app; sourceTree = BUILT_PRODUCTS_DIR; };
		7F0E168228FABA5F000EA881 /* AppDelegate.swift */ = {isa = PBXFileReference; lastKnownFileType = sourcecode.swift; path = AppDelegate.swift; sourceTree = "<group>"; };
		7F0E168428FABA5F000EA881 /* SceneDelegate.swift */ = {isa = PBXFileReference; lastKnownFileType = sourcecode.swift; path = SceneDelegate.swift; sourceTree = "<group>"; };
		7F0E168B28FABA60000EA881 /* Assets.xcassets */ = {isa = PBXFileReference; lastKnownFileType = folder.assetcatalog; path = Assets.xcassets; sourceTree = "<group>"; };
		7F0E168E28FABA60000EA881 /* Base */ = {isa = PBXFileReference; lastKnownFileType = file.storyboard; name = Base; path = Base.lproj/LaunchScreen.storyboard; sourceTree = "<group>"; };
		7F0E169028FABA60000EA881 /* Info.plist */ = {isa = PBXFileReference; lastKnownFileType = text.plist.xml; path = Info.plist; sourceTree = "<group>"; };
		7F0E169628FB00A5000EA881 /* SearchVC.swift */ = {isa = PBXFileReference; lastKnownFileType = sourcecode.swift; path = SearchVC.swift; sourceTree = "<group>"; };
		7F0E169828FB00BE000EA881 /* FavoritesListVC.swift */ = {isa = PBXFileReference; lastKnownFileType = sourcecode.swift; path = FavoritesListVC.swift; sourceTree = "<group>"; };
		7FA1F91F2902C92C00BCD32B /* GFEmptyStateView.swift */ = {isa = PBXFileReference; lastKnownFileType = sourcecode.swift; path = GFEmptyStateView.swift; sourceTree = "<group>"; };
		7FA1F9212906A53600BCD32B /* UserInfoVC.swift */ = {isa = PBXFileReference; lastKnownFileType = sourcecode.swift; path = UserInfoVC.swift; sourceTree = "<group>"; };
		7FDD841828FC5D8100A672D0 /* FollowerListVC.swift */ = {isa = PBXFileReference; lastKnownFileType = sourcecode.swift; path = FollowerListVC.swift; sourceTree = "<group>"; };
		7FDD841A28FC646700A672D0 /* String+Ext.swift */ = {isa = PBXFileReference; fileEncoding = 4; lastKnownFileType = sourcecode.swift; path = "String+Ext.swift"; sourceTree = "<group>"; };
		7FDD841C28FC657100A672D0 /* GFTitleLabel.swift */ = {isa = PBXFileReference; lastKnownFileType = sourcecode.swift; path = GFTitleLabel.swift; sourceTree = "<group>"; };
		7FDD841E28FC673E00A672D0 /* GFBodyLabel.swift */ = {isa = PBXFileReference; lastKnownFileType = sourcecode.swift; path = GFBodyLabel.swift; sourceTree = "<group>"; };
		7FDD842028FC690900A672D0 /* GFAlertVC.swift */ = {isa = PBXFileReference; lastKnownFileType = sourcecode.swift; path = GFAlertVC.swift; sourceTree = "<group>"; };
		7FDD842228FD86DD00A672D0 /* UIViewController+Ext.swift */ = {isa = PBXFileReference; lastKnownFileType = sourcecode.swift; path = "UIViewController+Ext.swift"; sourceTree = "<group>"; };
		7FDD842928FDB3C700A672D0 /* Follower.swift */ = {isa = PBXFileReference; lastKnownFileType = sourcecode.swift; path = Follower.swift; sourceTree = "<group>"; };
		7FDD842B28FDB4A300A672D0 /* User.swift */ = {isa = PBXFileReference; lastKnownFileType = sourcecode.swift; path = User.swift; sourceTree = "<group>"; };
		7FE7A6ED29016E2800CB33C9 /* UIHelper.swift */ = {isa = PBXFileReference; lastKnownFileType = sourcecode.swift; path = UIHelper.swift; sourceTree = "<group>"; };
		7FEFD95D28FE77B200F8B3A2 /* NetworkManager.swift */ = {isa = PBXFileReference; lastKnownFileType = sourcecode.swift; path = NetworkManager.swift; sourceTree = "<group>"; };
		7FEFD96028FED00D00F8B3A2 /* ErrorMessage.swift */ = {isa = PBXFileReference; lastKnownFileType = sourcecode.swift; path = ErrorMessage.swift; sourceTree = "<group>"; };
		7FEFD9632900517C00F8B3A2 /* FollowerCell.swift */ = {isa = PBXFileReference; lastKnownFileType = sourcecode.swift; path = FollowerCell.swift; sourceTree = "<group>"; };
		7FEFD9652900525700F8B3A2 /* GFAvatarImageView.swift */ = {isa = PBXFileReference; lastKnownFileType = sourcecode.swift; path = GFAvatarImageView.swift; sourceTree = "<group>"; };
		7FF35AA728FB2079002AD677 /* GFButton.swift */ = {isa = PBXFileReference; lastKnownFileType = sourcecode.swift; path = GFButton.swift; sourceTree = "<group>"; };
		7FF35AA928FB34C3002AD677 /* GFTextField.swift */ = {isa = PBXFileReference; lastKnownFileType = sourcecode.swift; path = GFTextField.swift; sourceTree = "<group>"; };
/* End PBXFileReference section */

/* Begin PBXFrameworksBuildPhase section */
		7F0E167C28FABA5F000EA881 /* Frameworks */ = {
			isa = PBXFrameworksBuildPhase;
			buildActionMask = 2147483647;
			files = (
			);
			runOnlyForDeploymentPostprocessing = 0;
		};
/* End PBXFrameworksBuildPhase section */

/* Begin PBXGroup section */
		7F0E167628FABA5F000EA881 = {
			isa = PBXGroup;
			children = (
				7F0E168128FABA5F000EA881 /* GitHubFollowers */,
				7F0E168028FABA5F000EA881 /* Products */,
			);
			sourceTree = "<group>";
		};
		7F0E168028FABA5F000EA881 /* Products */ = {
			isa = PBXGroup;
			children = (
				7F0E167F28FABA5F000EA881 /* GitHubFollowers.app */,
			);
			name = Products;
			sourceTree = "<group>";
		};
		7F0E168128FABA5F000EA881 /* GitHubFollowers */ = {
			isa = PBXGroup;
			children = (
				7FEFD95F28FECFFA00F8B3A2 /* Utilities */,
				7FEFD95C28FE779F00F8B3A2 /* Managers */,
				7FDD842828FDB3B400A672D0 /* Model */,
				7FDD842628FD8B3C00A672D0 /* Extensions */,
				7FDD842428FD8ABE00A672D0 /* Screens */,
				7FDD842528FD8AE800A672D0 /* Custom Views */,
				7FDD842728FD8B7E00A672D0 /* Support */,
				7F0E169028FABA60000EA881 /* Info.plist */,
			);
			path = GitHubFollowers;
			sourceTree = "<group>";
		};
		7FA1F9192902C89900BCD32B /* Views */ = {
			isa = PBXGroup;
			children = (
				7FA1F91F2902C92C00BCD32B /* GFEmptyStateView.swift */,
			);
			path = Views;
			sourceTree = "<group>";
		};
		7FA1F91A2902C89D00BCD32B /* Buttons */ = {
			isa = PBXGroup;
			children = (
				7FF35AA728FB2079002AD677 /* GFButton.swift */,
			);
			path = Buttons;
			sourceTree = "<group>";
		};
		7FA1F91B2902C8A900BCD32B /* ViewControllers */ = {
			isa = PBXGroup;
			children = (
				7FDD842028FC690900A672D0 /* GFAlertVC.swift */,
			);
			path = ViewControllers;
			sourceTree = "<group>";
		};
		7FA1F91C2902C8B400BCD32B /* TextFields */ = {
			isa = PBXGroup;
			children = (
				7FF35AA928FB34C3002AD677 /* GFTextField.swift */,
			);
			path = TextFields;
			sourceTree = "<group>";
		};
		7FA1F91D2902C8BA00BCD32B /* ImageViews */ = {
			isa = PBXGroup;
			children = (
				7FEFD9652900525700F8B3A2 /* GFAvatarImageView.swift */,
			);
			path = ImageViews;
			sourceTree = "<group>";
		};
		7FA1F91E2902C8E000BCD32B /* Labels */ = {
			isa = PBXGroup;
			children = (
				7FDD841C28FC657100A672D0 /* GFTitleLabel.swift */,
				7FDD841E28FC673E00A672D0 /* GFBodyLabel.swift */,
			);
			path = Labels;
			sourceTree = "<group>";
		};
		7FDD842428FD8ABE00A672D0 /* Screens */ = {
			isa = PBXGroup;
			children = (
				7F0E169628FB00A5000EA881 /* SearchVC.swift */,
				7F0E169828FB00BE000EA881 /* FavoritesListVC.swift */,
				7FDD841828FC5D8100A672D0 /* FollowerListVC.swift */,
				7FA1F9212906A53600BCD32B /* UserInfoVC.swift */,
			);
			path = Screens;
			sourceTree = "<group>";
		};
		7FDD842528FD8AE800A672D0 /* Custom Views */ = {
			isa = PBXGroup;
			children = (
				7FA1F91E2902C8E000BCD32B /* Labels */,
				7FA1F91D2902C8BA00BCD32B /* ImageViews */,
				7FA1F91C2902C8B400BCD32B /* TextFields */,
				7FA1F91B2902C8A900BCD32B /* ViewControllers */,
				7FA1F91A2902C89D00BCD32B /* Buttons */,
				7FA1F9192902C89900BCD32B /* Views */,
				7FEFD96228FED6F800F8B3A2 /* Cells */,
			);
			path = "Custom Views";
			sourceTree = "<group>";
		};
		7FDD842628FD8B3C00A672D0 /* Extensions */ = {
			isa = PBXGroup;
			children = (
				7FDD841A28FC646700A672D0 /* String+Ext.swift */,
				7FDD842228FD86DD00A672D0 /* UIViewController+Ext.swift */,
			);
			path = Extensions;
			sourceTree = "<group>";
		};
		7FDD842728FD8B7E00A672D0 /* Support */ = {
			isa = PBXGroup;
			children = (
				7F0E168228FABA5F000EA881 /* AppDelegate.swift */,
				7F0E168428FABA5F000EA881 /* SceneDelegate.swift */,
				7F0E168B28FABA60000EA881 /* Assets.xcassets */,
				7F0E168D28FABA60000EA881 /* LaunchScreen.storyboard */,
			);
			path = Support;
			sourceTree = "<group>";
		};
		7FDD842828FDB3B400A672D0 /* Model */ = {
			isa = PBXGroup;
			children = (
				7FDD842928FDB3C700A672D0 /* Follower.swift */,
				7FDD842B28FDB4A300A672D0 /* User.swift */,
			);
			path = Model;
			sourceTree = "<group>";
		};
		7FEFD95C28FE779F00F8B3A2 /* Managers */ = {
			isa = PBXGroup;
			children = (
				7FEFD95D28FE77B200F8B3A2 /* NetworkManager.swift */,
			);
			path = Managers;
			sourceTree = "<group>";
		};
		7FEFD95F28FECFFA00F8B3A2 /* Utilities */ = {
			isa = PBXGroup;
			children = (
				7FEFD96028FED00D00F8B3A2 /* ErrorMessage.swift */,
				7FE7A6ED29016E2800CB33C9 /* UIHelper.swift */,
			);
			path = Utilities;
			sourceTree = "<group>";
		};
		7FEFD96228FED6F800F8B3A2 /* Cells */ = {
			isa = PBXGroup;
			children = (
				7FEFD9632900517C00F8B3A2 /* FollowerCell.swift */,
			);
			path = Cells;
			sourceTree = "<group>";
		};
/* End PBXGroup section */

/* Begin PBXNativeTarget section */
		7F0E167E28FABA5F000EA881 /* GitHubFollowers */ = {
			isa = PBXNativeTarget;
			buildConfigurationList = 7F0E169328FABA60000EA881 /* Build configuration list for PBXNativeTarget "GitHubFollowers" */;
			buildPhases = (
				7F0E167B28FABA5F000EA881 /* Sources */,
				7F0E167C28FABA5F000EA881 /* Frameworks */,
				7F0E167D28FABA5F000EA881 /* Resources */,
			);
			buildRules = (
			);
			dependencies = (
			);
			name = GitHubFollowers;
			productName = GitHubFollowers;
			productReference = 7F0E167F28FABA5F000EA881 /* GitHubFollowers.app */;
			productType = "com.apple.product-type.application";
		};
/* End PBXNativeTarget section */

/* Begin PBXProject section */
		7F0E167728FABA5F000EA881 /* Project object */ = {
			isa = PBXProject;
			attributes = {
				BuildIndependentTargetsInParallel = 1;
				LastSwiftUpdateCheck = 1400;
				LastUpgradeCheck = 1400;
				TargetAttributes = {
					7F0E167E28FABA5F000EA881 = {
						CreatedOnToolsVersion = 14.0;
					};
				};
			};
			buildConfigurationList = 7F0E167A28FABA5F000EA881 /* Build configuration list for PBXProject "GitHubFollowers" */;
			compatibilityVersion = "Xcode 14.0";
			developmentRegion = en;
			hasScannedForEncodings = 0;
			knownRegions = (
				en,
				Base,
			);
			mainGroup = 7F0E167628FABA5F000EA881;
			productRefGroup = 7F0E168028FABA5F000EA881 /* Products */;
			projectDirPath = "";
			projectRoot = "";
			targets = (
				7F0E167E28FABA5F000EA881 /* GitHubFollowers */,
			);
		};
/* End PBXProject section */

/* Begin PBXResourcesBuildPhase section */
		7F0E167D28FABA5F000EA881 /* Resources */ = {
			isa = PBXResourcesBuildPhase;
			buildActionMask = 2147483647;
			files = (
				7F0E168F28FABA60000EA881 /* LaunchScreen.storyboard in Resources */,
				7F0E168C28FABA60000EA881 /* Assets.xcassets in Resources */,
			);
			runOnlyForDeploymentPostprocessing = 0;
		};
/* End PBXResourcesBuildPhase section */

/* Begin PBXSourcesBuildPhase section */
		7F0E167B28FABA5F000EA881 /* Sources */ = {
			isa = PBXSourcesBuildPhase;
			buildActionMask = 2147483647;
			files = (
				7FF35AAA28FB34C3002AD677 /* GFTextField.swift in Sources */,
				7F0E169928FB00BE000EA881 /* FavoritesListVC.swift in Sources */,
				7FDD842328FD86DD00A672D0 /* UIViewController+Ext.swift in Sources */,
				7FF35AA828FB2079002AD677 /* GFButton.swift in Sources */,
				7F0E169728FB00A5000EA881 /* SearchVC.swift in Sources */,
				7FA1F9202902C92C00BCD32B /* GFEmptyStateView.swift in Sources */,
				7FDD841928FC5D8100A672D0 /* FollowerListVC.swift in Sources */,
				7FDD842C28FDB4A300A672D0 /* User.swift in Sources */,
				7FEFD9642900517C00F8B3A2 /* FollowerCell.swift in Sources */,
				7FEFD9662900525700F8B3A2 /* GFAvatarImageView.swift in Sources */,
				7FDD842128FC690900A672D0 /* GFAlertVC.swift in Sources */,
				7FA1F9222906A53600BCD32B /* UserInfoVC.swift in Sources */,
				7FDD842A28FDB3C700A672D0 /* Follower.swift in Sources */,
				7F0E168328FABA5F000EA881 /* AppDelegate.swift in Sources */,
				7FDD841D28FC657100A672D0 /* GFTitleLabel.swift in Sources */,
				7FDD841B28FC646700A672D0 /* String+Ext.swift in Sources */,
				7FEFD96128FED00D00F8B3A2 /* ErrorMessage.swift in Sources */,
				7FE7A6EE29016E2800CB33C9 /* UIHelper.swift in Sources */,
				7FEFD95E28FE77B200F8B3A2 /* NetworkManager.swift in Sources */,
				7F0E168528FABA5F000EA881 /* SceneDelegate.swift in Sources */,
				7FDD841F28FC673E00A672D0 /* GFBodyLabel.swift in Sources */,
			);
			runOnlyForDeploymentPostprocessing = 0;
		};
/* End PBXSourcesBuildPhase section */

/* Begin PBXVariantGroup section */
		7F0E168D28FABA60000EA881 /* LaunchScreen.storyboard */ = {
			isa = PBXVariantGroup;
			children = (
				7F0E168E28FABA60000EA881 /* Base */,
			);
			name = LaunchScreen.storyboard;
			sourceTree = "<group>";
		};
/* End PBXVariantGroup section */

/* Begin XCBuildConfiguration section */
		7F0E169128FABA60000EA881 /* Debug */ = {
			isa = XCBuildConfiguration;
			buildSettings = {
				ALWAYS_SEARCH_USER_PATHS = NO;
				CLANG_ANALYZER_NONNULL = YES;
				CLANG_ANALYZER_NUMBER_OBJECT_CONVERSION = YES_AGGRESSIVE;
				CLANG_CXX_LANGUAGE_STANDARD = "gnu++20";
				CLANG_ENABLE_MODULES = YES;
				CLANG_ENABLE_OBJC_ARC = YES;
				CLANG_ENABLE_OBJC_WEAK = YES;
				CLANG_WARN_BLOCK_CAPTURE_AUTORELEASING = YES;
				CLANG_WARN_BOOL_CONVERSION = YES;
				CLANG_WARN_COMMA = YES;
				CLANG_WARN_CONSTANT_CONVERSION = YES;
				CLANG_WARN_DEPRECATED_OBJC_IMPLEMENTATIONS = YES;
				CLANG_WARN_DIRECT_OBJC_ISA_USAGE = YES_ERROR;
				CLANG_WARN_DOCUMENTATION_COMMENTS = YES;
				CLANG_WARN_EMPTY_BODY = YES;
				CLANG_WARN_ENUM_CONVERSION = YES;
				CLANG_WARN_INFINITE_RECURSION = YES;
				CLANG_WARN_INT_CONVERSION = YES;
				CLANG_WARN_NON_LITERAL_NULL_CONVERSION = YES;
				CLANG_WARN_OBJC_IMPLICIT_RETAIN_SELF = YES;
				CLANG_WARN_OBJC_LITERAL_CONVERSION = YES;
				CLANG_WARN_OBJC_ROOT_CLASS = YES_ERROR;
				CLANG_WARN_QUOTED_INCLUDE_IN_FRAMEWORK_HEADER = YES;
				CLANG_WARN_RANGE_LOOP_ANALYSIS = YES;
				CLANG_WARN_STRICT_PROTOTYPES = YES;
				CLANG_WARN_SUSPICIOUS_MOVE = YES;
				CLANG_WARN_UNGUARDED_AVAILABILITY = YES_AGGRESSIVE;
				CLANG_WARN_UNREACHABLE_CODE = YES;
				CLANG_WARN__DUPLICATE_METHOD_MATCH = YES;
				COPY_PHASE_STRIP = NO;
				DEBUG_INFORMATION_FORMAT = dwarf;
				ENABLE_STRICT_OBJC_MSGSEND = YES;
				ENABLE_TESTABILITY = YES;
				GCC_C_LANGUAGE_STANDARD = gnu11;
				GCC_DYNAMIC_NO_PIC = NO;
				GCC_NO_COMMON_BLOCKS = YES;
				GCC_OPTIMIZATION_LEVEL = 0;
				GCC_PREPROCESSOR_DEFINITIONS = (
					"DEBUG=1",
					"$(inherited)",
				);
				GCC_WARN_64_TO_32_BIT_CONVERSION = YES;
				GCC_WARN_ABOUT_RETURN_TYPE = YES_ERROR;
				GCC_WARN_UNDECLARED_SELECTOR = YES;
				GCC_WARN_UNINITIALIZED_AUTOS = YES_AGGRESSIVE;
				GCC_WARN_UNUSED_FUNCTION = YES;
				GCC_WARN_UNUSED_VARIABLE = YES;
				IPHONEOS_DEPLOYMENT_TARGET = 13.2;
				MTL_ENABLE_DEBUG_INFO = INCLUDE_SOURCE;
				MTL_FAST_MATH = YES;
				ONLY_ACTIVE_ARCH = YES;
				SDKROOT = iphoneos;
				SWIFT_ACTIVE_COMPILATION_CONDITIONS = DEBUG;
				SWIFT_OPTIMIZATION_LEVEL = "-Onone";
			};
			name = Debug;
		};
		7F0E169228FABA60000EA881 /* Release */ = {
			isa = XCBuildConfiguration;
			buildSettings = {
				ALWAYS_SEARCH_USER_PATHS = NO;
				CLANG_ANALYZER_NONNULL = YES;
				CLANG_ANALYZER_NUMBER_OBJECT_CONVERSION = YES_AGGRESSIVE;
				CLANG_CXX_LANGUAGE_STANDARD = "gnu++20";
				CLANG_ENABLE_MODULES = YES;
				CLANG_ENABLE_OBJC_ARC = YES;
				CLANG_ENABLE_OBJC_WEAK = YES;
				CLANG_WARN_BLOCK_CAPTURE_AUTORELEASING = YES;
				CLANG_WARN_BOOL_CONVERSION = YES;
				CLANG_WARN_COMMA = YES;
				CLANG_WARN_CONSTANT_CONVERSION = YES;
				CLANG_WARN_DEPRECATED_OBJC_IMPLEMENTATIONS = YES;
				CLANG_WARN_DIRECT_OBJC_ISA_USAGE = YES_ERROR;
				CLANG_WARN_DOCUMENTATION_COMMENTS = YES;
				CLANG_WARN_EMPTY_BODY = YES;
				CLANG_WARN_ENUM_CONVERSION = YES;
				CLANG_WARN_INFINITE_RECURSION = YES;
				CLANG_WARN_INT_CONVERSION = YES;
				CLANG_WARN_NON_LITERAL_NULL_CONVERSION = YES;
				CLANG_WARN_OBJC_IMPLICIT_RETAIN_SELF = YES;
				CLANG_WARN_OBJC_LITERAL_CONVERSION = YES;
				CLANG_WARN_OBJC_ROOT_CLASS = YES_ERROR;
				CLANG_WARN_QUOTED_INCLUDE_IN_FRAMEWORK_HEADER = YES;
				CLANG_WARN_RANGE_LOOP_ANALYSIS = YES;
				CLANG_WARN_STRICT_PROTOTYPES = YES;
				CLANG_WARN_SUSPICIOUS_MOVE = YES;
				CLANG_WARN_UNGUARDED_AVAILABILITY = YES_AGGRESSIVE;
				CLANG_WARN_UNREACHABLE_CODE = YES;
				CLANG_WARN__DUPLICATE_METHOD_MATCH = YES;
				COPY_PHASE_STRIP = NO;
				DEBUG_INFORMATION_FORMAT = "dwarf-with-dsym";
				ENABLE_NS_ASSERTIONS = NO;
				ENABLE_STRICT_OBJC_MSGSEND = YES;
				GCC_C_LANGUAGE_STANDARD = gnu11;
				GCC_NO_COMMON_BLOCKS = YES;
				GCC_WARN_64_TO_32_BIT_CONVERSION = YES;
				GCC_WARN_ABOUT_RETURN_TYPE = YES_ERROR;
				GCC_WARN_UNDECLARED_SELECTOR = YES;
				GCC_WARN_UNINITIALIZED_AUTOS = YES_AGGRESSIVE;
				GCC_WARN_UNUSED_FUNCTION = YES;
				GCC_WARN_UNUSED_VARIABLE = YES;
				IPHONEOS_DEPLOYMENT_TARGET = 13.2;
				MTL_ENABLE_DEBUG_INFO = NO;
				MTL_FAST_MATH = YES;
				SDKROOT = iphoneos;
				SWIFT_COMPILATION_MODE = wholemodule;
				SWIFT_OPTIMIZATION_LEVEL = "-O";
				VALIDATE_PRODUCT = YES;
			};
			name = Release;
		};
		7F0E169428FABA60000EA881 /* Debug */ = {
			isa = XCBuildConfiguration;
			buildSettings = {
				ASSETCATALOG_COMPILER_APPICON_NAME = AppIcon;
				ASSETCATALOG_COMPILER_GLOBAL_ACCENT_COLOR_NAME = AccentColor;
				CODE_SIGN_STYLE = Automatic;
				CURRENT_PROJECT_VERSION = 1;
				DEVELOPMENT_TEAM = T8DT652963;
				GENERATE_INFOPLIST_FILE = YES;
				INFOPLIST_FILE = GitHubFollowers/Info.plist;
				INFOPLIST_KEY_CFBundleDisplayName = GitHubFollowers;
				INFOPLIST_KEY_LSApplicationCategoryType = "public.app-category.entertainment";
				INFOPLIST_KEY_UIApplicationSupportsIndirectInputEvents = YES;
				INFOPLIST_KEY_UILaunchStoryboardName = LaunchScreen;
				INFOPLIST_KEY_UIMainStoryboardFile = "";
				INFOPLIST_KEY_UIStatusBarStyle = "";
				INFOPLIST_KEY_UISupportedInterfaceOrientations = UIInterfaceOrientationPortrait;
				INFOPLIST_KEY_UISupportedInterfaceOrientations_iPad = "UIInterfaceOrientationLandscapeLeft UIInterfaceOrientationLandscapeRight UIInterfaceOrientationPortrait UIInterfaceOrientationPortraitUpsideDown";
				IPHONEOS_DEPLOYMENT_TARGET = 13.2;
				LD_RUNPATH_SEARCH_PATHS = (
					"$(inherited)",
					"@executable_path/Frameworks",
				);
				MARKETING_VERSION = 1.0;
				PRODUCT_BUNDLE_IDENTIFIER = com.yigitozdamar.GitHubFollowers;
				PRODUCT_NAME = "$(TARGET_NAME)";
				SUPPORTED_PLATFORMS = "iphoneos iphonesimulator";
				SUPPORTS_MACCATALYST = NO;
				SUPPORTS_MAC_DESIGNED_FOR_IPHONE_IPAD = NO;
				SWIFT_EMIT_LOC_STRINGS = YES;
				SWIFT_VERSION = 5.0;
				TARGETED_DEVICE_FAMILY = 1;
			};
			name = Debug;
		};
		7F0E169528FABA60000EA881 /* Release */ = {
			isa = XCBuildConfiguration;
			buildSettings = {
				ASSETCATALOG_COMPILER_APPICON_NAME = AppIcon;
				ASSETCATALOG_COMPILER_GLOBAL_ACCENT_COLOR_NAME = AccentColor;
				CODE_SIGN_STYLE = Automatic;
				CURRENT_PROJECT_VERSION = 1;
				DEVELOPMENT_TEAM = T8DT652963;
				GENERATE_INFOPLIST_FILE = YES;
				INFOPLIST_FILE = GitHubFollowers/Info.plist;
				INFOPLIST_KEY_CFBundleDisplayName = GitHubFollowers;
				INFOPLIST_KEY_LSApplicationCategoryType = "public.app-category.entertainment";
				INFOPLIST_KEY_UIApplicationSupportsIndirectInputEvents = YES;
				INFOPLIST_KEY_UILaunchStoryboardName = LaunchScreen;
				INFOPLIST_KEY_UIMainStoryboardFile = "";
				INFOPLIST_KEY_UIStatusBarStyle = "";
				INFOPLIST_KEY_UISupportedInterfaceOrientations = UIInterfaceOrientationPortrait;
				INFOPLIST_KEY_UISupportedInterfaceOrientations_iPad = "UIInterfaceOrientationLandscapeLeft UIInterfaceOrientationLandscapeRight UIInterfaceOrientationPortrait UIInterfaceOrientationPortraitUpsideDown";
				IPHONEOS_DEPLOYMENT_TARGET = 13.2;
				LD_RUNPATH_SEARCH_PATHS = (
					"$(inherited)",
					"@executable_path/Frameworks",
				);
				MARKETING_VERSION = 1.0;
				PRODUCT_BUNDLE_IDENTIFIER = com.yigitozdamar.GitHubFollowers;
				PRODUCT_NAME = "$(TARGET_NAME)";
				SUPPORTED_PLATFORMS = "iphoneos iphonesimulator";
				SUPPORTS_MACCATALYST = NO;
				SUPPORTS_MAC_DESIGNED_FOR_IPHONE_IPAD = NO;
				SWIFT_EMIT_LOC_STRINGS = YES;
				SWIFT_VERSION = 5.0;
				TARGETED_DEVICE_FAMILY = 1;
			};
			name = Release;
		};
/* End XCBuildConfiguration section */

/* Begin XCConfigurationList section */
		7F0E167A28FABA5F000EA881 /* Build configuration list for PBXProject "GitHubFollowers" */ = {
			isa = XCConfigurationList;
			buildConfigurations = (
				7F0E169128FABA60000EA881 /* Debug */,
				7F0E169228FABA60000EA881 /* Release */,
			);
			defaultConfigurationIsVisible = 0;
			defaultConfigurationName = Release;
		};
		7F0E169328FABA60000EA881 /* Build configuration list for PBXNativeTarget "GitHubFollowers" */ = {
			isa = XCConfigurationList;
			buildConfigurations = (
				7F0E169428FABA60000EA881 /* Debug */,
				7F0E169528FABA60000EA881 /* Release */,
			);
			defaultConfigurationIsVisible = 0;
			defaultConfigurationName = Release;
		};
/* End XCConfigurationList section */
	};
	rootObject = 7F0E167728FABA5F000EA881 /* Project object */;
}
